
Microsoft Visual Studio Solution File, Format Version 12.00
# Visual Studio 15
VisualStudioVersion = 15.0.28307.1062
MinimumVisualStudioVersion = 10.0.40219.1
Project("{FAE04EC0-301F-11D3-BF4B-00C04F79EFBC}") = "find2", "find2\find2.csproj", "{2AC53506-210C-493F-9A7C-C35BA5CF0245}"
EndProject
Global
	GlobalSection(SolutionConfigurationPlatforms) = preSolution
		Debug|Any CPU = Debug|Any CPU
		Release|Any CPU = Release|Any CPU
	EndGlobalSection
	GlobalSection(ProjectConfigurationPlatforms) = postSolution
		{2AC53506-210C-493F-9A7C-C35BA5CF0245}.Debug|Any CPU.ActiveCfg = Debug|Any CPU
		{2AC53506-210C-493F-9A7C-C35BA5CF0245}.Debug|Any CPU.Build.0 = Debug|Any CPU
		{2AC53506-210C-493F-9A7C-C35BA5CF0245}.Release|Any CPU.ActiveCfg = Release|Any CPU
		{2AC53506-210C-493F-9A7C-C35BA5CF0245}.Release|Any CPU.Build.0 = Release|Any CPU
	EndGlobalSection
	GlobalSection(SolutionProperties) = preSolution
		HideSolutionNode = FALSE
	EndGlobalSection
	GlobalSection(ExtensibilityGlobals) = postSolution
		SolutionGuid = {38E13D72-6CB2-463A-900D-D0D861B12F4A}
	EndGlobalSection
EndGlobal
